
Microsoft Visual Studio Solution File, Format Version 12.00
# Visual Studio Version 17
VisualStudioVersion = 17.1.32421.90
MinimumVisualStudioVersion = 10.0.40219.1
Project("{FAE04EC0-301F-11D3-BF4B-00C04F79EFBC}") = "csharp-03-mattina", "csharp-03-mattina\csharp-03-mattina.csproj", "{9CDA7094-B82A-4805-A2DA-232DB6D278B9}"
EndProject
Global
	GlobalSection(SolutionConfigurationPlatforms) = preSolution
		Debug|Any CPU = Debug|Any CPU
		Release|Any CPU = Release|Any CPU
	EndGlobalSection
	GlobalSection(ProjectConfigurationPlatforms) = postSolution
		{9CDA7094-B82A-4805-A2DA-232DB6D278B9}.Debug|Any CPU.ActiveCfg = Debug|Any CPU
		{9CDA7094-B82A-4805-A2DA-232DB6D278B9}.Debug|Any CPU.Build.0 = Debug|Any CPU
		{9CDA7094-B82A-4805-A2DA-232DB6D278B9}.Release|Any CPU.ActiveCfg = Release|Any CPU
		{9CDA7094-B82A-4805-A2DA-232DB6D278B9}.Release|Any CPU.Build.0 = Release|Any CPU
	EndGlobalSection
	GlobalSection(SolutionProperties) = preSolution
		HideSolutionNode = FALSE
	EndGlobalSection
	GlobalSection(ExtensibilityGlobals) = postSolution
		SolutionGuid = {8F5F4A60-853D-49CD-9C04-BD5ECA38D21B}
	EndGlobalSection
EndGlobal
